
Microsoft Visual Studio Solution File, Format Version 12.00
# Visual Studio 15
VisualStudioVersion = 15.0.28307.645
MinimumVisualStudioVersion = 10.0.40219.1
Project("{FAE04EC0-301F-11D3-BF4B-00C04F79EFBC}") = "EF.Mssql.CodeFirst", "EF.Mssql.CodeFirst\EF.Mssql.CodeFirst.csproj", "{05F537B1-F7E3-43DC-AA91-62B50720BF75}"
EndProject
Global
	GlobalSection(SolutionConfigurationPlatforms) = preSolution
		Debug|Any CPU = Debug|Any CPU
		Release|Any CPU = Release|Any CPU
	EndGlobalSection
	GlobalSection(ProjectConfigurationPlatforms) = postSolution
		{05F537B1-F7E3-43DC-AA91-62B50720BF75}.Debug|Any CPU.ActiveCfg = Debug|Any CPU
		{05F537B1-F7E3-43DC-AA91-62B50720BF75}.Debug|Any CPU.Build.0 = Debug|Any CPU
		{05F537B1-F7E3-43DC-AA91-62B50720BF75}.Release|Any CPU.ActiveCfg = Release|Any CPU
		{05F537B1-F7E3-43DC-AA91-62B50720BF75}.Release|Any CPU.Build.0 = Release|Any CPU
	EndGlobalSection
	GlobalSection(SolutionProperties) = preSolution
		HideSolutionNode = FALSE
	EndGlobalSection
	GlobalSection(ExtensibilityGlobals) = postSolution
		SolutionGuid = {B97A6DED-8D21-4630-BD9F-FA85FD6DB1EC}
	EndGlobalSection
EndGlobal
