
Microsoft Visual Studio Solution File, Format Version 12.00
# Visual Studio 15
VisualStudioVersion = 15.0.28307.645
MinimumVisualStudioVersion = 10.0.40219.1
Project("{FAE04EC0-301F-11D3-BF4B-00C04F79EFBC}") = "CheckSubstringIsInTheGivenString", "CheckSubstringIsInTheGivenString\CheckSubstringIsInTheGivenString.csproj", "{A14F2D28-140E-4488-B87A-8F8F13B7BE0C}"
EndProject
Global
	GlobalSection(SolutionConfigurationPlatforms) = preSolution
		Debug|Any CPU = Debug|Any CPU
		Release|Any CPU = Release|Any CPU
	EndGlobalSection
	GlobalSection(ProjectConfigurationPlatforms) = postSolution
		{A14F2D28-140E-4488-B87A-8F8F13B7BE0C}.Debug|Any CPU.ActiveCfg = Debug|Any CPU
		{A14F2D28-140E-4488-B87A-8F8F13B7BE0C}.Debug|Any CPU.Build.0 = Debug|Any CPU
		{A14F2D28-140E-4488-B87A-8F8F13B7BE0C}.Release|Any CPU.ActiveCfg = Release|Any CPU
		{A14F2D28-140E-4488-B87A-8F8F13B7BE0C}.Release|Any CPU.Build.0 = Release|Any CPU
	EndGlobalSection
	GlobalSection(SolutionProperties) = preSolution
		HideSolutionNode = FALSE
	EndGlobalSection
	GlobalSection(ExtensibilityGlobals) = postSolution
		SolutionGuid = {65B61C48-AC70-47B9-8B12-A3BD0603F5FB}
	EndGlobalSection
EndGlobal
