
Microsoft Visual Studio Solution File, Format Version 12.00
# Visual Studio 15
VisualStudioVersion = 15.0.28307.645
MinimumVisualStudioVersion = 10.0.40219.1
Project("{FAE04EC0-301F-11D3-BF4B-00C04F79EFBC}") = "IoC.DI.Autofac.FirstDemo", "IoC.DI.Autofac.FirstDemo\IoC.DI.Autofac.FirstDemo.csproj", "{302D3F96-2838-4EF2-9729-1E9327CE511B}"
EndProject
Project("{FAE04EC0-301F-11D3-BF4B-00C04F79EFBC}") = "IoC.DI.Autofac.Winform.Demo", "IoC.DI.Autofac.Winform.Demo\IoC.DI.Autofac.Winform.Demo.csproj", "{4767B75B-A400-484D-AF5F-4E7D710FB55D}"
EndProject
Global
	GlobalSection(SolutionConfigurationPlatforms) = preSolution
		Debug|Any CPU = Debug|Any CPU
		Release|Any CPU = Release|Any CPU
	EndGlobalSection
	GlobalSection(ProjectConfigurationPlatforms) = postSolution
		{302D3F96-2838-4EF2-9729-1E9327CE511B}.Debug|Any CPU.ActiveCfg = Debug|Any CPU
		{302D3F96-2838-4EF2-9729-1E9327CE511B}.Debug|Any CPU.Build.0 = Debug|Any CPU
		{302D3F96-2838-4EF2-9729-1E9327CE511B}.Release|Any CPU.ActiveCfg = Release|Any CPU
		{302D3F96-2838-4EF2-9729-1E9327CE511B}.Release|Any CPU.Build.0 = Release|Any CPU
		{4767B75B-A400-484D-AF5F-4E7D710FB55D}.Debug|Any CPU.ActiveCfg = Debug|Any CPU
		{4767B75B-A400-484D-AF5F-4E7D710FB55D}.Debug|Any CPU.Build.0 = Debug|Any CPU
		{4767B75B-A400-484D-AF5F-4E7D710FB55D}.Release|Any CPU.ActiveCfg = Release|Any CPU
		{4767B75B-A400-484D-AF5F-4E7D710FB55D}.Release|Any CPU.Build.0 = Release|Any CPU
	EndGlobalSection
	GlobalSection(SolutionProperties) = preSolution
		HideSolutionNode = FALSE
	EndGlobalSection
	GlobalSection(ExtensibilityGlobals) = postSolution
		SolutionGuid = {8CF2DE98-C962-48C4-BBB8-E0055A9A69D3}
	EndGlobalSection
EndGlobal
